
Microsoft Visual Studio Solution File, Format Version 12.00
# Visual Studio Version 17
VisualStudioVersion = 17.14.36109.1 d17.14
MinimumVisualStudioVersion = 10.0.40219.1
Project("{FAE04EC0-301F-11D3-BF4B-00C04F79EFBC}") = "Client", "Network1\Client.csproj", "{A871144A-3DAA-4B25-830E-1E4E69860B16}"
EndProject
Project("{FAE04EC0-301F-11D3-BF4B-00C04F79EFBC}") = "SS", "SS\SS.csproj", "{BB837A23-99D2-42B9-A4DA-6A40DA2C3D2D}"
EndProject
Global
	GlobalSection(SolutionConfigurationPlatforms) = preSolution
		Debug|Any CPU = Debug|Any CPU
		Release|Any CPU = Release|Any CPU
	EndGlobalSection
	GlobalSection(ProjectConfigurationPlatforms) = postSolution
		{A871144A-3DAA-4B25-830E-1E4E69860B16}.Debug|Any CPU.ActiveCfg = Debug|Any CPU
		{A871144A-3DAA-4B25-830E-1E4E69860B16}.Debug|Any CPU.Build.0 = Debug|Any CPU
		{A871144A-3DAA-4B25-830E-1E4E69860B16}.Release|Any CPU.ActiveCfg = Release|Any CPU
		{A871144A-3DAA-4B25-830E-1E4E69860B16}.Release|Any CPU.Build.0 = Release|Any CPU
		{BB837A23-99D2-42B9-A4DA-6A40DA2C3D2D}.Debug|Any CPU.ActiveCfg = Debug|Any CPU
		{BB837A23-99D2-42B9-A4DA-6A40DA2C3D2D}.Debug|Any CPU.Build.0 = Debug|Any CPU
		{BB837A23-99D2-42B9-A4DA-6A40DA2C3D2D}.Release|Any CPU.ActiveCfg = Release|Any CPU
		{BB837A23-99D2-42B9-A4DA-6A40DA2C3D2D}.Release|Any CPU.Build.0 = Release|Any CPU
	EndGlobalSection
	GlobalSection(SolutionProperties) = preSolution
		HideSolutionNode = FALSE
	EndGlobalSection
	GlobalSection(ExtensibilityGlobals) = postSolution
		SolutionGuid = {ABA16F0E-2B4B-48CA-9527-44B3982264A5}
	EndGlobalSection
EndGlobal
